
Microsoft Visual Studio Solution File, Format Version 12.00
# Visual Studio Version 17
VisualStudioVersion = 17.0.31903.59
MinimumVisualStudioVersion = 10.0.40219.1
Project("{2150E333-8FDC-42A3-9474-1A3956D46DE8}") = "src", "src", "{8211FF7F-B51E-4614-BA3C-FE81B7AF9EFB}"
EndProject
Project("{2150E333-8FDC-42A3-9474-1A3956D46DE8}") = "API", "API", "{BC2EDD7F-53DE-4E9B-958C-E87F9E86651C}"
EndProject
Project("{FAE04EC0-301F-11D3-BF4B-00C04F79EFBC}") = "Company.Application.Api", "src\API\Company.Application.Api\Company.Application.Api.csproj", "{33A3D02F-9939-4148-8266-2F39A0F9F9E6}"
EndProject
Project("{2150E333-8FDC-42A3-9474-1A3956D46DE8}") = "Core", "Core", "{80D2E7EF-AAB3-433F-9873-4D393E1EF0B4}"
EndProject
Project("{2150E333-8FDC-42A3-9474-1A3956D46DE8}") = "Application", "Application", "{C8748B67-CC28-4405-B003-80E1B50772AD}"
EndProject
Project("{FAE04EC0-301F-11D3-BF4B-00C04F79EFBC}") = "Company.Application.Application", "src\Core\Application\Company.Application.Application\Company.Application.Application.csproj", "{B5A6E9DA-CA55-4365-89BE-BB39EBDCC478}"
EndProject
Project("{2150E333-8FDC-42A3-9474-1A3956D46DE8}") = "Domain", "Domain", "{55A6DA33-F824-407C-983F-7170E69D8A20}"
EndProject
Project("{FAE04EC0-301F-11D3-BF4B-00C04F79EFBC}") = "Company.Application.Domain", "src\Core\Domain\Company.Application.Domain\Company.Application.Domain.csproj", "{3B4985B6-F2F0-4266-9C58-7E5B1DF08546}"
EndProject
Project("{2150E333-8FDC-42A3-9474-1A3956D46DE8}") = "Infraestructure", "Infraestructure", "{C32E0F60-47B9-4DB0-BE74-AED7943725F6}"
EndProject
Project("{2150E333-8FDC-42A3-9474-1A3956D46DE8}") = "Persistence", "Persistence", "{41C16F63-E8A1-4844-9E78-1E1A39A86852}"
EndProject
Project("{FAE04EC0-301F-11D3-BF4B-00C04F79EFBC}") = "Company.Application.Persistence", "src\Infraestructure\Persistence\Company.Application.Persistence\Company.Application.Persistence.csproj", "{37A01FF8-A104-4663-8A79-52969CF5D1BD}"
EndProject
Project("{2150E333-8FDC-42A3-9474-1A3956D46DE8}") = "External", "External", "{D70FD1D3-6FD0-443A-97BA-36074FFD7A49}"
EndProject
Project("{FAE04EC0-301F-11D3-BF4B-00C04F79EFBC}") = "Company.Application.External", "src\Infraestructure\External\Company.Application.External\Company.Application.External.csproj", "{6BE2C015-35E0-4215-9813-6CB9114A0FE1}"
EndProject
Project("{2150E333-8FDC-42A3-9474-1A3956D46DE8}") = "Common", "Common", "{D25B74AD-3D4A-4EA9-B296-BAC77A272422}"
EndProject
Project("{FAE04EC0-301F-11D3-BF4B-00C04F79EFBC}") = "Company.Application.Common", "src\Common\Company.Application.Common\Company.Application.Common.csproj", "{132E05CE-5F97-40E8-9342-BE7182E5F1CB}"
EndProject
Global
	GlobalSection(SolutionConfigurationPlatforms) = preSolution
		Debug|Any CPU = Debug|Any CPU
		Release|Any CPU = Release|Any CPU
	EndGlobalSection
	GlobalSection(SolutionProperties) = preSolution
		HideSolutionNode = FALSE
	EndGlobalSection
	GlobalSection(ProjectConfigurationPlatforms) = postSolution
		{33A3D02F-9939-4148-8266-2F39A0F9F9E6}.Debug|Any CPU.ActiveCfg = Debug|Any CPU
		{33A3D02F-9939-4148-8266-2F39A0F9F9E6}.Debug|Any CPU.Build.0 = Debug|Any CPU
		{33A3D02F-9939-4148-8266-2F39A0F9F9E6}.Release|Any CPU.ActiveCfg = Release|Any CPU
		{33A3D02F-9939-4148-8266-2F39A0F9F9E6}.Release|Any CPU.Build.0 = Release|Any CPU
		{B5A6E9DA-CA55-4365-89BE-BB39EBDCC478}.Debug|Any CPU.ActiveCfg = Debug|Any CPU
		{B5A6E9DA-CA55-4365-89BE-BB39EBDCC478}.Debug|Any CPU.Build.0 = Debug|Any CPU
		{B5A6E9DA-CA55-4365-89BE-BB39EBDCC478}.Release|Any CPU.ActiveCfg = Release|Any CPU
		{B5A6E9DA-CA55-4365-89BE-BB39EBDCC478}.Release|Any CPU.Build.0 = Release|Any CPU
		{3B4985B6-F2F0-4266-9C58-7E5B1DF08546}.Debug|Any CPU.ActiveCfg = Debug|Any CPU
		{3B4985B6-F2F0-4266-9C58-7E5B1DF08546}.Debug|Any CPU.Build.0 = Debug|Any CPU
		{3B4985B6-F2F0-4266-9C58-7E5B1DF08546}.Release|Any CPU.ActiveCfg = Release|Any CPU
		{3B4985B6-F2F0-4266-9C58-7E5B1DF08546}.Release|Any CPU.Build.0 = Release|Any CPU
		{37A01FF8-A104-4663-8A79-52969CF5D1BD}.Debug|Any CPU.ActiveCfg = Debug|Any CPU
		{37A01FF8-A104-4663-8A79-52969CF5D1BD}.Debug|Any CPU.Build.0 = Debug|Any CPU
		{37A01FF8-A104-4663-8A79-52969CF5D1BD}.Release|Any CPU.ActiveCfg = Release|Any CPU
		{37A01FF8-A104-4663-8A79-52969CF5D1BD}.Release|Any CPU.Build.0 = Release|Any CPU
		{6BE2C015-35E0-4215-9813-6CB9114A0FE1}.Debug|Any CPU.ActiveCfg = Debug|Any CPU
		{6BE2C015-35E0-4215-9813-6CB9114A0FE1}.Debug|Any CPU.Build.0 = Debug|Any CPU
		{6BE2C015-35E0-4215-9813-6CB9114A0FE1}.Release|Any CPU.ActiveCfg = Release|Any CPU
		{6BE2C015-35E0-4215-9813-6CB9114A0FE1}.Release|Any CPU.Build.0 = Release|Any CPU
		{132E05CE-5F97-40E8-9342-BE7182E5F1CB}.Debug|Any CPU.ActiveCfg = Debug|Any CPU
		{132E05CE-5F97-40E8-9342-BE7182E5F1CB}.Debug|Any CPU.Build.0 = Debug|Any CPU
		{132E05CE-5F97-40E8-9342-BE7182E5F1CB}.Release|Any CPU.ActiveCfg = Release|Any CPU
		{132E05CE-5F97-40E8-9342-BE7182E5F1CB}.Release|Any CPU.Build.0 = Release|Any CPU
	EndGlobalSection
	GlobalSection(NestedProjects) = preSolution
		{BC2EDD7F-53DE-4E9B-958C-E87F9E86651C} = {8211FF7F-B51E-4614-BA3C-FE81B7AF9EFB}
		{33A3D02F-9939-4148-8266-2F39A0F9F9E6} = {BC2EDD7F-53DE-4E9B-958C-E87F9E86651C}
		{80D2E7EF-AAB3-433F-9873-4D393E1EF0B4} = {8211FF7F-B51E-4614-BA3C-FE81B7AF9EFB}
		{C8748B67-CC28-4405-B003-80E1B50772AD} = {80D2E7EF-AAB3-433F-9873-4D393E1EF0B4}
		{B5A6E9DA-CA55-4365-89BE-BB39EBDCC478} = {C8748B67-CC28-4405-B003-80E1B50772AD}
		{55A6DA33-F824-407C-983F-7170E69D8A20} = {80D2E7EF-AAB3-433F-9873-4D393E1EF0B4}
		{3B4985B6-F2F0-4266-9C58-7E5B1DF08546} = {55A6DA33-F824-407C-983F-7170E69D8A20}
		{C32E0F60-47B9-4DB0-BE74-AED7943725F6} = {8211FF7F-B51E-4614-BA3C-FE81B7AF9EFB}
		{41C16F63-E8A1-4844-9E78-1E1A39A86852} = {C32E0F60-47B9-4DB0-BE74-AED7943725F6}
		{37A01FF8-A104-4663-8A79-52969CF5D1BD} = {41C16F63-E8A1-4844-9E78-1E1A39A86852}
		{D70FD1D3-6FD0-443A-97BA-36074FFD7A49} = {C32E0F60-47B9-4DB0-BE74-AED7943725F6}
		{6BE2C015-35E0-4215-9813-6CB9114A0FE1} = {D70FD1D3-6FD0-443A-97BA-36074FFD7A49}
		{D25B74AD-3D4A-4EA9-B296-BAC77A272422} = {8211FF7F-B51E-4614-BA3C-FE81B7AF9EFB}
		{132E05CE-5F97-40E8-9342-BE7182E5F1CB} = {D25B74AD-3D4A-4EA9-B296-BAC77A272422}
	EndGlobalSection
EndGlobal
